
Microsoft Visual Studio Solution File, Format Version 12.00
# Visual Studio Version 16
VisualStudioVersion = 16.0.29926.136
MinimumVisualStudioVersion = 10.0.40219.1
Project("{FAE04EC0-301F-11D3-BF4B-00C04F79EFBC}") = "BBC.BSC.Tool", "BBC.BSC.Tool\BBC.BSC.Tool.csproj", "{F93D39EC-8996-4855-8205-83D9F091486A}"
EndProject
Project("{FAE04EC0-301F-11D3-BF4B-00C04F79EFBC}") = "benchmark", "benchmark\benchmark.csproj", "{D3BA76A4-5027-4F87-AAC6-7EAD242750F8}"
EndProject
Project("{FAE04EC0-301F-11D3-BF4B-00C04F79EFBC}") = "BindingTest", "BindingTest\BindingTest.csproj", "{C66C7945-61FF-4456-A7EA-2ACCD157BB71}"
EndProject
Project("{FAE04EC0-301F-11D3-BF4B-00C04F79EFBC}") = "bsc_tool_migrater", "bsc_tool_migrater\bsc_tool_migrater.csproj", "{D335B448-1A2E-407F-B1C1-FEADF28927BE}"
EndProject
Global
	GlobalSection(SolutionConfigurationPlatforms) = preSolution
		Debug|Any CPU = Debug|Any CPU
		Release|Any CPU = Release|Any CPU
	EndGlobalSection
	GlobalSection(ProjectConfigurationPlatforms) = postSolution
		{F93D39EC-8996-4855-8205-83D9F091486A}.Debug|Any CPU.ActiveCfg = Debug|Any CPU
		{F93D39EC-8996-4855-8205-83D9F091486A}.Debug|Any CPU.Build.0 = Debug|Any CPU
		{F93D39EC-8996-4855-8205-83D9F091486A}.Release|Any CPU.ActiveCfg = Release|Any CPU
		{F93D39EC-8996-4855-8205-83D9F091486A}.Release|Any CPU.Build.0 = Release|Any CPU
		{D3BA76A4-5027-4F87-AAC6-7EAD242750F8}.Debug|Any CPU.ActiveCfg = Debug|Any CPU
		{D3BA76A4-5027-4F87-AAC6-7EAD242750F8}.Debug|Any CPU.Build.0 = Debug|Any CPU
		{D3BA76A4-5027-4F87-AAC6-7EAD242750F8}.Release|Any CPU.ActiveCfg = Release|Any CPU
		{D3BA76A4-5027-4F87-AAC6-7EAD242750F8}.Release|Any CPU.Build.0 = Release|Any CPU
		{C66C7945-61FF-4456-A7EA-2ACCD157BB71}.Debug|Any CPU.ActiveCfg = Debug|Any CPU
		{C66C7945-61FF-4456-A7EA-2ACCD157BB71}.Debug|Any CPU.Build.0 = Debug|Any CPU
		{C66C7945-61FF-4456-A7EA-2ACCD157BB71}.Release|Any CPU.ActiveCfg = Release|Any CPU
		{C66C7945-61FF-4456-A7EA-2ACCD157BB71}.Release|Any CPU.Build.0 = Release|Any CPU
		{D335B448-1A2E-407F-B1C1-FEADF28927BE}.Debug|Any CPU.ActiveCfg = Debug|Any CPU
		{D335B448-1A2E-407F-B1C1-FEADF28927BE}.Debug|Any CPU.Build.0 = Debug|Any CPU
		{D335B448-1A2E-407F-B1C1-FEADF28927BE}.Release|Any CPU.ActiveCfg = Release|Any CPU
		{D335B448-1A2E-407F-B1C1-FEADF28927BE}.Release|Any CPU.Build.0 = Release|Any CPU
	EndGlobalSection
	GlobalSection(SolutionProperties) = preSolution
		HideSolutionNode = FALSE
	EndGlobalSection
	GlobalSection(ExtensibilityGlobals) = postSolution
		SolutionGuid = {FB2A764D-F736-4B92-B9AC-021AC82FEA50}
	EndGlobalSection
EndGlobal
